
Microsoft Visual Studio Solution File, Format Version 12.00
# Visual Studio Version 16
VisualStudioVersion = 16.0.29403.142
MinimumVisualStudioVersion = 10.0.40219.1
Project("{2150E333-8FDC-42A3-9474-1A3956D46DE8}") = "Solution Items", "Solution Items", "{DAC7E9DA-575A-449A-8C86-87A26E813A85}"
	ProjectSection(SolutionItems) = preProject
		..\ClassRoom\ClassRoom.sln = ..\ClassRoom\ClassRoom.sln
	EndProjectSection
EndProject
Project("{FAE04EC0-301F-11D3-BF4B-00C04F79EFBC}") = "Qui2", "..\Qui2\Qui2.csproj", "{1878E2E8-1705-44BF-B412-83E5D7EDFD08}"
EndProject
Project("{FAE04EC0-301F-11D3-BF4B-00C04F79EFBC}") = "Interfaces1", "..\Interfaces1\Interfaces1.csproj", "{2B438856-6B73-4382-8E15-B24C5E6F829D}"
EndProject
Project("{FAE04EC0-301F-11D3-BF4B-00C04F79EFBC}") = "interfaces", "interfaces\interfaces.csproj", "{710B5E79-1BD1-4D80-9F9C-C7BEE12D6243}"
EndProject
Project("{FAE04EC0-301F-11D3-BF4B-00C04F79EFBC}") = "LearningWpf", "..\LearningWpf\LearningWpf.csproj", "{D8AF5008-88E5-42B5-9B83-A3762FA86CEF}"
EndProject
Project("{FAE04EC0-301F-11D3-BF4B-00C04F79EFBC}") = "Basics", "..\ClassRoom\Basics\Basics.csproj", "{9281DAB8-F5C9-4A1D-8054-D1F982FC3259}"
EndProject
Global
	GlobalSection(SolutionConfigurationPlatforms) = preSolution
		Debug|Any CPU = Debug|Any CPU
		Release|Any CPU = Release|Any CPU
	EndGlobalSection
	GlobalSection(ProjectConfigurationPlatforms) = postSolution
		{1878E2E8-1705-44BF-B412-83E5D7EDFD08}.Debug|Any CPU.ActiveCfg = Debug|Any CPU
		{1878E2E8-1705-44BF-B412-83E5D7EDFD08}.Debug|Any CPU.Build.0 = Debug|Any CPU
		{1878E2E8-1705-44BF-B412-83E5D7EDFD08}.Release|Any CPU.ActiveCfg = Release|Any CPU
		{1878E2E8-1705-44BF-B412-83E5D7EDFD08}.Release|Any CPU.Build.0 = Release|Any CPU
		{2B438856-6B73-4382-8E15-B24C5E6F829D}.Debug|Any CPU.ActiveCfg = Debug|Any CPU
		{2B438856-6B73-4382-8E15-B24C5E6F829D}.Debug|Any CPU.Build.0 = Debug|Any CPU
		{2B438856-6B73-4382-8E15-B24C5E6F829D}.Release|Any CPU.ActiveCfg = Release|Any CPU
		{2B438856-6B73-4382-8E15-B24C5E6F829D}.Release|Any CPU.Build.0 = Release|Any CPU
		{710B5E79-1BD1-4D80-9F9C-C7BEE12D6243}.Debug|Any CPU.ActiveCfg = Debug|Any CPU
		{710B5E79-1BD1-4D80-9F9C-C7BEE12D6243}.Debug|Any CPU.Build.0 = Debug|Any CPU
		{710B5E79-1BD1-4D80-9F9C-C7BEE12D6243}.Release|Any CPU.ActiveCfg = Release|Any CPU
		{710B5E79-1BD1-4D80-9F9C-C7BEE12D6243}.Release|Any CPU.Build.0 = Release|Any CPU
		{D8AF5008-88E5-42B5-9B83-A3762FA86CEF}.Debug|Any CPU.ActiveCfg = Debug|Any CPU
		{D8AF5008-88E5-42B5-9B83-A3762FA86CEF}.Debug|Any CPU.Build.0 = Debug|Any CPU
		{D8AF5008-88E5-42B5-9B83-A3762FA86CEF}.Release|Any CPU.ActiveCfg = Release|Any CPU
		{D8AF5008-88E5-42B5-9B83-A3762FA86CEF}.Release|Any CPU.Build.0 = Release|Any CPU
		{9281DAB8-F5C9-4A1D-8054-D1F982FC3259}.Debug|Any CPU.ActiveCfg = Debug|Any CPU
		{9281DAB8-F5C9-4A1D-8054-D1F982FC3259}.Debug|Any CPU.Build.0 = Debug|Any CPU
		{9281DAB8-F5C9-4A1D-8054-D1F982FC3259}.Release|Any CPU.ActiveCfg = Release|Any CPU
		{9281DAB8-F5C9-4A1D-8054-D1F982FC3259}.Release|Any CPU.Build.0 = Release|Any CPU
	EndGlobalSection
	GlobalSection(SolutionProperties) = preSolution
		HideSolutionNode = FALSE
	EndGlobalSection
	GlobalSection(NestedProjects) = preSolution
		{1878E2E8-1705-44BF-B412-83E5D7EDFD08} = {DAC7E9DA-575A-449A-8C86-87A26E813A85}
	EndGlobalSection
	GlobalSection(ExtensibilityGlobals) = postSolution
		SolutionGuid = {F933171E-5C8A-40B2-BDCA-BD56579098EF}
	EndGlobalSection
EndGlobal
